// !$*UTF8*$!
{
	archiveVersion = 1;
	classes = {
	};
	objectVersion = 48;
	objects = {

/* Begin PBXBuildFile section */
		0391F01C1FCD87B9000845FB /* AppDelegate.swift in Sources */ = {isa = PBXBuildFile; fileRef = 0391F01B1FCD87B9000845FB /* AppDelegate.swift */; };
		0391F01E1FCD87B9000845FB /* art.scnassets in Resources */ = {isa = PBXBuildFile; fileRef = 0391F01D1FCD87B9000845FB /* art.scnassets */; };
		0391F0201FCD87B9000845FB /* ViewController.swift in Sources */ = {isa = PBXBuildFile; fileRef = 0391F01F1FCD87B9000845FB /* ViewController.swift */; };
		0391F0231FCD87B9000845FB /* Main.storyboard in Resources */ = {isa = PBXBuildFile; fileRef = 0391F0211FCD87B9000845FB /* Main.storyboard */; };
		0391F0251FCD87B9000845FB /* Assets.xcassets in Resources */ = {isa = PBXBuildFile; fileRef = 0391F0241FCD87B9000845FB /* Assets.xcassets */; };
		0391F0281FCD87B9000845FB /* LaunchScreen.storyboard in Resources */ = {isa = PBXBuildFile; fileRef = 0391F0261FCD87B9000845FB /* LaunchScreen.storyboard */; };
		0391F0311FCD8EAB000845FB /* MainController.swift in Sources */ = {isa = PBXBuildFile; fileRef = 0391F0301FCD8EAB000845FB /* MainController.swift */; };
		0391F0331FCD8EC7000845FB /* VRMenuController.swift in Sources */ = {isa = PBXBuildFile; fileRef = 0391F0321FCD8EC7000845FB /* VRMenuController.swift */; };
/* End PBXBuildFile section */

/* Begin PBXFileReference section */
		0391F0181FCD87B9000845FB /* AR-menu.app */ = {isa = PBXFileReference; explicitFileType = wrapper.application; includeInIndex = 0; path = "AR-menu.app"; sourceTree = BUILT_PRODUCTS_DIR; };
		0391F01B1FCD87B9000845FB /* AppDelegate.swift */ = {isa = PBXFileReference; lastKnownFileType = sourcecode.swift; path = AppDelegate.swift; sourceTree = "<group>"; };
		0391F01D1FCD87B9000845FB /* art.scnassets */ = {isa = PBXFileReference; lastKnownFileType = wrapper.scnassets; path = art.scnassets; sourceTree = "<group>"; };
		0391F01F1FCD87B9000845FB /* ViewController.swift */ = {isa = PBXFileReference; lastKnownFileType = sourcecode.swift; path = ViewController.swift; sourceTree = "<group>"; };
		0391F0221FCD87B9000845FB /* Base */ = {isa = PBXFileReference; lastKnownFileType = file.storyboard; name = Base; path = Base.lproj/Main.storyboard; sourceTree = "<group>"; };
		0391F0241FCD87B9000845FB /* Assets.xcassets */ = {isa = PBXFileReference; lastKnownFileType = folder.assetcatalog; path = Assets.xcassets; sourceTree = "<group>"; };
		0391F0271FCD87B9000845FB /* Base */ = {isa = PBXFileReference; lastKnownFileType = file.storyboard; name = Base; path = Base.lproj/LaunchScreen.storyboard; sourceTree = "<group>"; };
		0391F0291FCD87B9000845FB /* Info.plist */ = {isa = PBXFileReference; lastKnownFileType = text.plist.xml; path = Info.plist; sourceTree = "<group>"; };
		0391F0301FCD8EAB000845FB /* MainController.swift */ = {isa = PBXFileReference; lastKnownFileType = sourcecode.swift; path = MainController.swift; sourceTree = "<group>"; };
		0391F0321FCD8EC7000845FB /* VRMenuController.swift */ = {isa = PBXFileReference; lastKnownFileType = sourcecode.swift; path = VRMenuController.swift; sourceTree = "<group>"; };
/* End PBXFileReference section */

/* Begin PBXFrameworksBuildPhase section */
		0391F0151FCD87B9000845FB /* Frameworks */ = {
			isa = PBXFrameworksBuildPhase;
			buildActionMask = 2147483647;
			files = (
			);
			runOnlyForDeploymentPostprocessing = 0;
		};
/* End PBXFrameworksBuildPhase section */

/* Begin PBXGroup section */
		0391F00F1FCD87B9000845FB = {
			isa = PBXGroup;
			children = (
				0391F01A1FCD87B9000845FB /* AR-menu */,
				0391F0191FCD87B9000845FB /* Products */,
			);
			sourceTree = "<group>";
		};
		0391F0191FCD87B9000845FB /* Products */ = {
			isa = PBXGroup;
			children = (
				0391F0181FCD87B9000845FB /* AR-menu.app */,
			);
			name = Products;
			sourceTree = "<group>";
		};
		0391F01A1FCD87B9000845FB /* AR-menu */ = {
			isa = PBXGroup;
			children = (
				0391F02F1FCD8E86000845FB /* View */,
				0391F01B1FCD87B9000845FB /* AppDelegate.swift */,
				0391F01D1FCD87B9000845FB /* art.scnassets */,
				0391F0211FCD87B9000845FB /* Main.storyboard */,
				0391F0241FCD87B9000845FB /* Assets.xcassets */,
				0391F0261FCD87B9000845FB /* LaunchScreen.storyboard */,
				0391F0291FCD87B9000845FB /* Info.plist */,
			);
			path = "AR-menu";
			sourceTree = "<group>";
		};
		0391F02F1FCD8E86000845FB /* View */ = {
			isa = PBXGroup;
			children = (
				0391F01F1FCD87B9000845FB /* ViewController.swift */,
				0391F0301FCD8EAB000845FB /* MainController.swift */,
				0391F0321FCD8EC7000845FB /* VRMenuController.swift */,
			);
			path = View;
			sourceTree = "<group>";
		};
/* End PBXGroup section */

/* Begin PBXNativeTarget section */
		0391F0171FCD87B9000845FB /* AR-menu */ = {
			isa = PBXNativeTarget;
			buildConfigurationList = 0391F02C1FCD87B9000845FB /* Build configuration list for PBXNativeTarget "AR-menu" */;
			buildPhases = (
				0391F0141FCD87B9000845FB /* Sources */,
				0391F0151FCD87B9000845FB /* Frameworks */,
				0391F0161FCD87B9000845FB /* Resources */,
			);
			buildRules = (
			);
			dependencies = (
			);
			name = "AR-menu";
			productName = "AR-med";
			productReference = 0391F0181FCD87B9000845FB /* AR-menu.app */;
			productType = "com.apple.product-type.application";
		};
/* End PBXNativeTarget section */

/* Begin PBXProject section */
		0391F0101FCD87B9000845FB /* Project object */ = {
			isa = PBXProject;
			attributes = {
				LastSwiftUpdateCheck = 0910;
				LastUpgradeCheck = 0910;
				ORGANIZATIONNAME = "Erik Hric";
				TargetAttributes = {
					0391F0171FCD87B9000845FB = {
						CreatedOnToolsVersion = 9.1;
						ProvisioningStyle = Automatic;
					};
				};
			};
			buildConfigurationList = 0391F0131FCD87B9000845FB /* Build configuration list for PBXProject "AR-menu" */;
			compatibilityVersion = "Xcode 8.0";
			developmentRegion = en;
			hasScannedForEncodings = 0;
			knownRegions = (
				en,
				Base,
			);
			mainGroup = 0391F00F1FCD87B9000845FB;
			productRefGroup = 0391F0191FCD87B9000845FB /* Products */;
			projectDirPath = "";
			projectRoot = "";
			targets = (
				0391F0171FCD87B9000845FB /* AR-menu */,
			);
		};
/* End PBXProject section */

/* Begin PBXResourcesBuildPhase section */
		0391F0161FCD87B9000845FB /* Resources */ = {
			isa = PBXResourcesBuildPhase;
			buildActionMask = 2147483647;
			files = (
				0391F01E1FCD87B9000845FB /* art.scnassets in Resources */,
				0391F0281FCD87B9000845FB /* LaunchScreen.storyboard in Resources */,
				0391F0251FCD87B9000845FB /* Assets.xcassets in Resources */,
				0391F0231FCD87B9000845FB /* Main.storyboard in Resources */,
			);
			runOnlyForDeploymentPostprocessing = 0;
		};
/* End PBXResourcesBuildPhase section */

/* Begin PBXSourcesBuildPhase section */
		0391F0141FCD87B9000845FB /* Sources */ = {
			isa = PBXSourcesBuildPhase;
			buildActionMask = 2147483647;
			files = (
				0391F0201FCD87B9000845FB /* ViewController.swift in Sources */,
				0391F0311FCD8EAB000845FB /* MainController.swift in Sources */,
				0391F0331FCD8EC7000845FB /* VRMenuController.swift in Sources */,
				0391F01C1FCD87B9000845FB /* AppDelegate.swift in Sources */,
			);
			runOnlyForDeploymentPostprocessing = 0;
		};
/* End PBXSourcesBuildPhase section */

/* Begin PBXVariantGroup section */
		0391F0211FCD87B9000845FB /* Main.storyboard */ = {
			isa = PBXVariantGroup;
			children = (
				0391F0221FCD87B9000845FB /* Base */,
			);
			name = Main.storyboard;
			sourceTree = "<group>";
		};
		0391F0261FCD87B9000845FB /* LaunchScreen.storyboard */ = {
			isa = PBXVariantGroup;
			children = (
				0391F0271FCD87B9000845FB /* Base */,
			);
			name = LaunchScreen.storyboard;
			sourceTree = "<group>";
		};
/* End PBXVariantGroup section */

/* Begin XCBuildConfiguration section */
		0391F02A1FCD87B9000845FB /* Debug */ = {
			isa = XCBuildConfiguration;
			buildSettings = {
				ALWAYS_SEARCH_USER_PATHS = NO;
				CLANG_ANALYZER_NONNULL = YES;
				CLANG_ANALYZER_NUMBER_OBJECT_CONVERSION = YES_AGGRESSIVE;
				CLANG_CXX_LANGUAGE_STANDARD = "gnu++14";
				CLANG_CXX_LIBRARY = "libc++";
				CLANG_ENABLE_MODULES = YES;
				CLANG_ENABLE_OBJC_ARC = YES;
				CLANG_WARN_BLOCK_CAPTURE_AUTORELEASING = YES;
				CLANG_WARN_BOOL_CONVERSION = YES;
				CLANG_WARN_COMMA = YES;
				CLANG_WARN_CONSTANT_CONVERSION = YES;
				CLANG_WARN_DIRECT_OBJC_ISA_USAGE = YES_ERROR;
				CLANG_WARN_DOCUMENTATION_COMMENTS = YES;
				CLANG_WARN_EMPTY_BODY = YES;
				CLANG_WARN_ENUM_CONVERSION = YES;
				CLANG_WARN_INFINITE_RECURSION = YES;
				CLANG_WARN_INT_CONVERSION = YES;
				CLANG_WARN_NON_LITERAL_NULL_CONVERSION = YES;
				CLANG_WARN_OBJC_LITERAL_CONVERSION = YES;
				CLANG_WARN_OBJC_ROOT_CLASS = YES_ERROR;
				CLANG_WARN_RANGE_LOOP_ANALYSIS = YES;
				CLANG_WARN_STRICT_PROTOTYPES = YES;
				CLANG_WARN_SUSPICIOUS_MOVE = YES;
				CLANG_WARN_UNGUARDED_AVAILABILITY = YES_AGGRESSIVE;
				CLANG_WARN_UNREACHABLE_CODE = YES;
				CLANG_WARN__DUPLICATE_METHOD_MATCH = YES;
				CODE_SIGN_IDENTITY = "iPhone Developer";
				COPY_PHASE_STRIP = NO;
				DEBUG_INFORMATION_FORMAT = dwarf;
				ENABLE_STRICT_OBJC_MSGSEND = YES;
				ENABLE_TESTABILITY = YES;
				GCC_C_LANGUAGE_STANDARD = gnu11;
				GCC_DYNAMIC_NO_PIC = NO;
				GCC_NO_COMMON_BLOCKS = YES;
				GCC_OPTIMIZATION_LEVEL = 0;
				GCC_PREPROCESSOR_DEFINITIONS = (
					"DEBUG=1",
					"$(inherited)",
				);
				GCC_WARN_64_TO_32_BIT_CONVERSION = YES;
				GCC_WARN_ABOUT_RETURN_TYPE = YES_ERROR;
				GCC_WARN_UNDECLARED_SELECTOR = YES;
				GCC_WARN_UNINITIALIZED_AUTOS = YES_AGGRESSIVE;
				GCC_WARN_UNUSED_FUNCTION = YES;
				GCC_WARN_UNUSED_VARIABLE = YES;
				IPHONEOS_DEPLOYMENT_TARGET = 11.0;
				MTL_ENABLE_DEBUG_INFO = YES;
				ONLY_ACTIVE_ARCH = YES;
				SDKROOT = iphoneos;
				SWIFT_ACTIVE_COMPILATION_CONDITIONS = DEBUG;
				SWIFT_OPTIMIZATION_LEVEL = "-Onone";
			};
			name = Debug;
		};
		0391F02B1FCD87B9000845FB /* Release */ = {
			isa = XCBuildConfiguration;
			buildSettings = {
				ALWAYS_SEARCH_USER_PATHS = NO;
				CLANG_ANALYZER_NONNULL = YES;
				CLANG_ANALYZER_NUMBER_OBJECT_CONVERSION = YES_AGGRESSIVE;
				CLANG_CXX_LANGUAGE_STANDARD = "gnu++14";
				CLANG_CXX_LIBRARY = "libc++";
				CLANG_ENABLE_MODULES = YES;
				CLANG_ENABLE_OBJC_ARC = YES;
				CLANG_WARN_BLOCK_CAPTURE_AUTORELEASING = YES;
				CLANG_WARN_BOOL_CONVERSION = YES;
				CLANG_WARN_COMMA = YES;
				CLANG_WARN_CONSTANT_CONVERSION = YES;
				CLANG_WARN_DIRECT_OBJC_ISA_USAGE = YES_ERROR;
				CLANG_WARN_DOCUMENTATION_COMMENTS = YES;
				CLANG_WARN_EMPTY_BODY = YES;
				CLANG_WARN_ENUM_CONVERSION = YES;
				CLANG_WARN_INFINITE_RECURSION = YES;
				CLANG_WARN_INT_CONVERSION = YES;
				CLANG_WARN_NON_LITERAL_NULL_CONVERSION = YES;
				CLANG_WARN_OBJC_LITERAL_CONVERSION = YES;
				CLANG_WARN_OBJC_ROOT_CLASS = YES_ERROR;
				CLANG_WARN_RANGE_LOOP_ANALYSIS = YES;
				CLANG_WARN_STRICT_PROTOTYPES = YES;
				CLANG_WARN_SUSPICIOUS_MOVE = YES;
				CLANG_WARN_UNGUARDED_AVAILABILITY = YES_AGGRESSIVE;
				CLANG_WARN_UNREACHABLE_CODE = YES;
				CLANG_WARN__DUPLICATE_METHOD_MATCH = YES;
				CODE_SIGN_IDENTITY = "iPhone Developer";
				COPY_PHASE_STRIP = NO;
				DEBUG_INFORMATION_FORMAT = "dwarf-with-dsym";
				ENABLE_NS_ASSERTIONS = NO;
				ENABLE_STRICT_OBJC_MSGSEND = YES;
				GCC_C_LANGUAGE_STANDARD = gnu11;
				GCC_NO_COMMON_BLOCKS = YES;
				GCC_WARN_64_TO_32_BIT_CONVERSION = YES;
				GCC_WARN_ABOUT_RETURN_TYPE = YES_ERROR;
				GCC_WARN_UNDECLARED_SELECTOR = YES;
				GCC_WARN_UNINITIALIZED_AUTOS = YES_AGGRESSIVE;
				GCC_WARN_UNUSED_FUNCTION = YES;
				GCC_WARN_UNUSED_VARIABLE = YES;
				IPHONEOS_DEPLOYMENT_TARGET = 11.0;
				MTL_ENABLE_DEBUG_INFO = NO;
				SDKROOT = iphoneos;
				SWIFT_OPTIMIZATION_LEVEL = "-Owholemodule";
				VALIDATE_PRODUCT = YES;
			};
			name = Release;
		};
		0391F02D1FCD87B9000845FB /* Debug */ = {
			isa = XCBuildConfiguration;
			buildSettings = {
				ASSETCATALOG_COMPILER_APPICON_NAME = AppIcon;
				"CODE_SIGN_IDENTITY[sdk=iphoneos*]" = "iPhone Developer";
				CODE_SIGN_STYLE = Automatic;
				DEVELOPMENT_TEAM = 76JW37K4WD;
				INFOPLIST_FILE = "AR-menu/Info.plist";
				IPHONEOS_DEPLOYMENT_TARGET = 11.0;
				LD_RUNPATH_SEARCH_PATHS = "$(inherited) @executable_path/Frameworks";
				PRODUCT_BUNDLE_IDENTIFIER = "sk.kebapp.AR-menu";
				PRODUCT_NAME = "$(TARGET_NAME)";
				PROVISIONING_PROFILE_SPECIFIER = "";
				SWIFT_VERSION = 4.0;
				TARGETED_DEVICE_FAMILY = "1,2";
			};
			name = Debug;
		};
		0391F02E1FCD87B9000845FB /* Release */ = {
			isa = XCBuildConfiguration;
			buildSettings = {
				ASSETCATALOG_COMPILER_APPICON_NAME = AppIcon;
				"CODE_SIGN_IDENTITY[sdk=iphoneos*]" = "iPhone Developer";
				CODE_SIGN_STYLE = Automatic;
				DEVELOPMENT_TEAM = 76JW37K4WD;
				INFOPLIST_FILE = "AR-menu/Info.plist";
				IPHONEOS_DEPLOYMENT_TARGET = 11.0;
				LD_RUNPATH_SEARCH_PATHS = "$(inherited) @executable_path/Frameworks";
				PRODUCT_BUNDLE_IDENTIFIER = "sk.kebapp.AR-menu";
				PRODUCT_NAME = "$(TARGET_NAME)";
				PROVISIONING_PROFILE_SPECIFIER = "";
				SWIFT_VERSION = 4.0;
				TARGETED_DEVICE_FAMILY = "1,2";
			};
			name = Release;
		};
/* End XCBuildConfiguration section */

/* Begin XCConfigurationList section */
		0391F0131FCD87B9000845FB /* Build configuration list for PBXProject "AR-menu" */ = {
			isa = XCConfigurationList;
			buildConfigurations = (
				0391F02A1FCD87B9000845FB /* Debug */,
				0391F02B1FCD87B9000845FB /* Release */,
			);
			defaultConfigurationIsVisible = 0;
			defaultConfigurationName = Release;
		};
		0391F02C1FCD87B9000845FB /* Build configuration list for PBXNativeTarget "AR-menu" */ = {
			isa = XCConfigurationList;
			buildConfigurations = (
				0391F02D1FCD87B9000845FB /* Debug */,
				0391F02E1FCD87B9000845FB /* Release */,
			);
			defaultConfigurationIsVisible = 0;
			defaultConfigurationName = Release;
		};
/* End XCConfigurationList section */
	};
	rootObject = 0391F0101FCD87B9000845FB /* Project object */;
}
